
Microsoft Visual Studio Solution File, Format Version 12.00
# Visual Studio Version 16
VisualStudioVersion = 16.0.30204.135
MinimumVisualStudioVersion = 10.0.40219.1
Project("{2150E333-8FDC-42A3-9474-1A3956D46DE8}") = "src", "src", "{8FBDECF7-1B8D-4E2D-87F0-8A9AA82E8F4F}"
EndProject
Project("{2150E333-8FDC-42A3-9474-1A3956D46DE8}") = "Solution Items", "Solution Items", "{CBEEF1F0-9019-4276-8910-E84874F07565}"
	ProjectSection(SolutionItems) = preProject
		docker-compose.yml = docker-compose.yml
		dockerfile = dockerfile
	EndProjectSection
EndProject
Project("{9A19103F-16F7-4668-BE54-9A1E7A4F7556}") = "Mahzan.Api", "src\Mahzan.Api\Mahzan.Api.csproj", "{1820FB13-8E31-4EF5-B119-D5B0623C646D}"
EndProject
Project("{9A19103F-16F7-4668-BE54-9A1E7A4F7556}") = "Mahzan.Business", "src\Mahzan.Business\Mahzan.Business.csproj", "{A1BE2A32-F24C-4499-98A1-D6C4B013FE84}"
EndProject
Project("{9A19103F-16F7-4668-BE54-9A1E7A4F7556}") = "Mahzan.DataAccess", "src\Mahzan.DataAccess\Mahzan.DataAccess.csproj", "{513201F1-9455-4395-8E52-4CCE569047EE}"
EndProject
Project("{9A19103F-16F7-4668-BE54-9A1E7A4F7556}") = "Mahzan.Models", "src\Mahzan.Models\Mahzan.Models.csproj", "{7181D303-73B7-4A72-B1E8-C89C04C8C1DD}"
EndProject
Global
	GlobalSection(SolutionConfigurationPlatforms) = preSolution
		Debug|Any CPU = Debug|Any CPU
		Release|Any CPU = Release|Any CPU
	EndGlobalSection
	GlobalSection(ProjectConfigurationPlatforms) = postSolution
		{1820FB13-8E31-4EF5-B119-D5B0623C646D}.Debug|Any CPU.ActiveCfg = Debug|Any CPU
		{1820FB13-8E31-4EF5-B119-D5B0623C646D}.Debug|Any CPU.Build.0 = Debug|Any CPU
		{1820FB13-8E31-4EF5-B119-D5B0623C646D}.Release|Any CPU.ActiveCfg = Release|Any CPU
		{1820FB13-8E31-4EF5-B119-D5B0623C646D}.Release|Any CPU.Build.0 = Release|Any CPU
		{A1BE2A32-F24C-4499-98A1-D6C4B013FE84}.Debug|Any CPU.ActiveCfg = Debug|Any CPU
		{A1BE2A32-F24C-4499-98A1-D6C4B013FE84}.Debug|Any CPU.Build.0 = Debug|Any CPU
		{A1BE2A32-F24C-4499-98A1-D6C4B013FE84}.Release|Any CPU.ActiveCfg = Release|Any CPU
		{A1BE2A32-F24C-4499-98A1-D6C4B013FE84}.Release|Any CPU.Build.0 = Release|Any CPU
		{513201F1-9455-4395-8E52-4CCE569047EE}.Debug|Any CPU.ActiveCfg = Debug|Any CPU
		{513201F1-9455-4395-8E52-4CCE569047EE}.Debug|Any CPU.Build.0 = Debug|Any CPU
		{513201F1-9455-4395-8E52-4CCE569047EE}.Release|Any CPU.ActiveCfg = Release|Any CPU
		{513201F1-9455-4395-8E52-4CCE569047EE}.Release|Any CPU.Build.0 = Release|Any CPU
		{7181D303-73B7-4A72-B1E8-C89C04C8C1DD}.Debug|Any CPU.ActiveCfg = Debug|Any CPU
		{7181D303-73B7-4A72-B1E8-C89C04C8C1DD}.Debug|Any CPU.Build.0 = Debug|Any CPU
		{7181D303-73B7-4A72-B1E8-C89C04C8C1DD}.Release|Any CPU.ActiveCfg = Release|Any CPU
		{7181D303-73B7-4A72-B1E8-C89C04C8C1DD}.Release|Any CPU.Build.0 = Release|Any CPU
	EndGlobalSection
	GlobalSection(SolutionProperties) = preSolution
		HideSolutionNode = FALSE
	EndGlobalSection
	GlobalSection(NestedProjects) = preSolution
		{1820FB13-8E31-4EF5-B119-D5B0623C646D} = {8FBDECF7-1B8D-4E2D-87F0-8A9AA82E8F4F}
		{A1BE2A32-F24C-4499-98A1-D6C4B013FE84} = {8FBDECF7-1B8D-4E2D-87F0-8A9AA82E8F4F}
		{513201F1-9455-4395-8E52-4CCE569047EE} = {8FBDECF7-1B8D-4E2D-87F0-8A9AA82E8F4F}
		{7181D303-73B7-4A72-B1E8-C89C04C8C1DD} = {8FBDECF7-1B8D-4E2D-87F0-8A9AA82E8F4F}
	EndGlobalSection
	GlobalSection(ExtensibilityGlobals) = postSolution
		SolutionGuid = {D0AB4C54-F289-4F72-A9B3-2C4CC40C079D}
	EndGlobalSection
EndGlobal
